github.com/Groestlcoin/go-groestl-hash v0.0.0-20181012171753-790653ac190c h1:8bYNmjELeCj7DEh/dN7zFzkJ0upK3GkbOC/0u1HMQ5s=
github.com/Groestlcoin/go-groestl-hash v0.0.0-20181012171753-790653ac190c/go.mod h1:DwgC62sAn4RgH4L+O8REgcE7f0XplHPNeRYFy+ffy1M=
github.com/Groestlcoin/grsutil v0.0.0-20190328101000-86f824f5ae22 h1:myy1hjwAjxSNorISiTvqHP34PXTIHGxdqgMKmwv2KI4=
github.com/Groestlcoin/grsutil v0.0.0-20190328101000-86f824f5ae22/go.mod h1:umjn9aGFUq5AuNCQJpYJ5oTfwiS6H3Ogw5LttIjpXCc=
